{
  "originHash" : "9535f55a6e9690baeddd12765c9b2b0274599f88dcc0f5863e2e264a20a70f25",
  "pins" : [
    {
      "identity" : "facesdk-swift-package",
      "kind" : "remoteSourceControl",
      "location" : "https://github.com/regulaforensics/FaceSDK-Swift-Package",
      "state" : {
        "revision" : "81b89ed5317a717f0f2b97039077dfc6990bb0c7",
        "version" : "7.2.3102"
      }
    },
    {
      "identity" : "regulacommon-swift-package",
      "kind" : "remoteSourceControl",
      "location" : "https://github.com/regulaforensics/RegulaCommon-Swift-Package.git",
      "state" : {
        "revision" : "4e3dde677376860eaef5596b18042587903aa3d9",
        "version" : "8.2.1510"
      }
    }
  ],
  "version" : 3
}
